
Microsoft Visual Studio Solution File, Format Version 12.00
# Visual Studio Version 17
VisualStudioVersion = 17.4.33122.133
MinimumVisualStudioVersion = 10.0.40219.1
Project("{FAE04EC0-301F-11D3-BF4B-00C04F79EFBC}") = "BulkyBookWeb", "BulkyBookWeb\BulkyBookWeb.csproj", "{3885B6EE-EA07-402B-8375-F481E3FC7BAA}"
EndProject
Global
	GlobalSection(SolutionConfigurationPlatforms) = preSolution
		Debug|Any CPU = Debug|Any CPU
		Release|Any CPU = Release|Any CPU
	EndGlobalSection
	GlobalSection(ProjectConfigurationPlatforms) = postSolution
		{3885B6EE-EA07-402B-8375-F481E3FC7BAA}.Debug|Any CPU.ActiveCfg = Debug|Any CPU
		{3885B6EE-EA07-402B-8375-F481E3FC7BAA}.Debug|Any CPU.Build.0 = Debug|Any CPU
		{3885B6EE-EA07-402B-8375-F481E3FC7BAA}.Release|Any CPU.ActiveCfg = Release|Any CPU
		{3885B6EE-EA07-402B-8375-F481E3FC7BAA}.Release|Any CPU.Build.0 = Release|Any CPU
	EndGlobalSection
	GlobalSection(SolutionProperties) = preSolution
		HideSolutionNode = FALSE
	EndGlobalSection
	GlobalSection(ExtensibilityGlobals) = postSolution
		SolutionGuid = {95CE0E95-9820-4A86-993A-1DFBA7CBA027}
	EndGlobalSection
EndGlobal
